// !$*UTF8*$!
{
	archiveVersion = 1;
	classes = {
	};
	objectVersion = 50;
	objects = {

/* Begin PBXBuildFile section */
		2849A985270894FD00FFC8AA /* AppDelegate.swift in Sources */ = {isa = PBXBuildFile; fileRef = 2849A984270894FD00FFC8AA /* AppDelegate.swift */; };
		2849A987270894FD00FFC8AA /* SceneDelegate.swift in Sources */ = {isa = PBXBuildFile; fileRef = 2849A986270894FD00FFC8AA /* SceneDelegate.swift */; };
		2849A98E2708950000FFC8AA /* Assets.xcassets in Resources */ = {isa = PBXBuildFile; fileRef = 2849A98D2708950000FFC8AA /* Assets.xcassets */; };
		2849A9912708950000FFC8AA /* LaunchScreen.storyboard in Resources */ = {isa = PBXBuildFile; fileRef = 2849A98F2708950000FFC8AA /* LaunchScreen.storyboard */; };
		2849A99F2708972F00FFC8AA /* MainTabController.swift in Sources */ = {isa = PBXBuildFile; fileRef = 2849A99E2708972F00FFC8AA /* MainTabController.swift */; };
		2849A9A1270899BE00FFC8AA /* FeedController.swift in Sources */ = {isa = PBXBuildFile; fileRef = 2849A9A0270899BE00FFC8AA /* FeedController.swift */; };
		2849A9A3270899EC00FFC8AA /* ExploreController.swift in Sources */ = {isa = PBXBuildFile; fileRef = 2849A9A2270899EC00FFC8AA /* ExploreController.swift */; };
		2849A9A527089A1400FFC8AA /* NotificationsController.swift in Sources */ = {isa = PBXBuildFile; fileRef = 2849A9A427089A1400FFC8AA /* NotificationsController.swift */; };
		2849A9A727089A3800FFC8AA /* ConversationsController.swift in Sources */ = {isa = PBXBuildFile; fileRef = 2849A9A627089A3800FFC8AA /* ConversationsController.swift */; };
		2849A9A92708A20600FFC8AA /* Constants.swift in Sources */ = {isa = PBXBuildFile; fileRef = 2849A9A82708A20600FFC8AA /* Constants.swift */; };
		2849A9AB2708A8DD00FFC8AA /* Extensions.swift in Sources */ = {isa = PBXBuildFile; fileRef = 2849A9AA2708A8DD00FFC8AA /* Extensions.swift */; };
		2849A9AF2709243200FFC8AA /* LoginController.swift in Sources */ = {isa = PBXBuildFile; fileRef = 2849A9AE2709243200FFC8AA /* LoginController.swift */; };
		2849A9B12709248700FFC8AA /* RegistrationController.swift in Sources */ = {isa = PBXBuildFile; fileRef = 2849A9B02709248700FFC8AA /* RegistrationController.swift */; };
		2849A9B327092CF200FFC8AA /* Utilities.swift in Sources */ = {isa = PBXBuildFile; fileRef = 2849A9B227092CF200FFC8AA /* Utilities.swift */; };
/* End PBXBuildFile section */

/* Begin PBXFileReference section */
		2849A981270894FD00FFC8AA /* TwitterClone.app */ = {isa = PBXFileReference; explicitFileType = wrapper.application; includeInIndex = 0; path = TwitterClone.app; sourceTree = BUILT_PRODUCTS_DIR; };
		2849A984270894FD00FFC8AA /* AppDelegate.swift */ = {isa = PBXFileReference; lastKnownFileType = sourcecode.swift; path = AppDelegate.swift; sourceTree = "<group>"; };
		2849A986270894FD00FFC8AA /* SceneDelegate.swift */ = {isa = PBXFileReference; lastKnownFileType = sourcecode.swift; path = SceneDelegate.swift; sourceTree = "<group>"; };
		2849A98D2708950000FFC8AA /* Assets.xcassets */ = {isa = PBXFileReference; lastKnownFileType = folder.assetcatalog; path = Assets.xcassets; sourceTree = "<group>"; };
		2849A9902708950000FFC8AA /* Base */ = {isa = PBXFileReference; lastKnownFileType = file.storyboard; name = Base; path = Base.lproj/LaunchScreen.storyboard; sourceTree = "<group>"; };
		2849A9922708950000FFC8AA /* Info.plist */ = {isa = PBXFileReference; lastKnownFileType = text.plist.xml; path = Info.plist; sourceTree = "<group>"; };
		2849A99E2708972F00FFC8AA /* MainTabController.swift */ = {isa = PBXFileReference; lastKnownFileType = sourcecode.swift; path = MainTabController.swift; sourceTree = "<group>"; };
		2849A9A0270899BE00FFC8AA /* FeedController.swift */ = {isa = PBXFileReference; lastKnownFileType = sourcecode.swift; path = FeedController.swift; sourceTree = "<group>"; };
		2849A9A2270899EC00FFC8AA /* ExploreController.swift */ = {isa = PBXFileReference; lastKnownFileType = sourcecode.swift; path = ExploreController.swift; sourceTree = "<group>"; };
		2849A9A427089A1400FFC8AA /* NotificationsController.swift */ = {isa = PBXFileReference; lastKnownFileType = sourcecode.swift; path = NotificationsController.swift; sourceTree = "<group>"; };
		2849A9A627089A3800FFC8AA /* ConversationsController.swift */ = {isa = PBXFileReference; lastKnownFileType = sourcecode.swift; path = ConversationsController.swift; sourceTree = "<group>"; };
		2849A9A82708A20600FFC8AA /* Constants.swift */ = {isa = PBXFileReference; lastKnownFileType = sourcecode.swift; path = Constants.swift; sourceTree = "<group>"; };
		2849A9AA2708A8DD00FFC8AA /* Extensions.swift */ = {isa = PBXFileReference; lastKnownFileType = sourcecode.swift; path = Extensions.swift; sourceTree = "<group>"; };
		2849A9AE2709243200FFC8AA /* LoginController.swift */ = {isa = PBXFileReference; lastKnownFileType = sourcecode.swift; path = LoginController.swift; sourceTree = "<group>"; };
		2849A9B02709248700FFC8AA /* RegistrationController.swift */ = {isa = PBXFileReference; lastKnownFileType = sourcecode.swift; path = RegistrationController.swift; sourceTree = "<group>"; };
		2849A9B227092CF200FFC8AA /* Utilities.swift */ = {isa = PBXFileReference; lastKnownFileType = sourcecode.swift; path = Utilities.swift; sourceTree = "<group>"; };
/* End PBXFileReference section */

/* Begin PBXFrameworksBuildPhase section */
		2849A97E270894FD00FFC8AA /* Frameworks */ = {
			isa = PBXFrameworksBuildPhase;
			buildActionMask = 2147483647;
			files = (
			);
			runOnlyForDeploymentPostprocessing = 0;
		};
/* End PBXFrameworksBuildPhase section */

/* Begin PBXGroup section */
		2849A978270894FC00FFC8AA = {
			isa = PBXGroup;
			children = (
				2849A983270894FD00FFC8AA /* TwitterClone */,
				2849A982270894FD00FFC8AA /* Products */,
			);
			sourceTree = "<group>";
		};
		2849A982270894FD00FFC8AA /* Products */ = {
			isa = PBXGroup;
			children = (
				2849A981270894FD00FFC8AA /* TwitterClone.app */,
			);
			name = Products;
			sourceTree = "<group>";
		};
		2849A983270894FD00FFC8AA /* TwitterClone */ = {
			isa = PBXGroup;
			children = (
				2849A99D2708963B00FFC8AA /* Model */,
				2849A99C2708963600FFC8AA /* View */,
				2849A99B2708962D00FFC8AA /* ViewModel */,
				2849A99A2708962400FFC8AA /* Controller */,
				2849A9992708961400FFC8AA /* NetworkLayer */,
				2849A9982708960700FFC8AA /* Utilities */,
				2849A9AC270923DD00FFC8AA /* Support */,
				2849A9922708950000FFC8AA /* Info.plist */,
			);
			path = TwitterClone;
			sourceTree = "<group>";
		};
		2849A9982708960700FFC8AA /* Utilities */ = {
			isa = PBXGroup;
			children = (
				2849A9A82708A20600FFC8AA /* Constants.swift */,
				2849A9AA2708A8DD00FFC8AA /* Extensions.swift */,
				2849A9B227092CF200FFC8AA /* Utilities.swift */,
			);
			path = Utilities;
			sourceTree = "<group>";
		};
		2849A9992708961400FFC8AA /* NetworkLayer */ = {
			isa = PBXGroup;
			children = (
			);
			path = NetworkLayer;
			sourceTree = "<group>";
		};
		2849A99A2708962400FFC8AA /* Controller */ = {
			isa = PBXGroup;
			children = (
				2849A9AD270923F500FFC8AA /* Authentication */,
				2849A99E2708972F00FFC8AA /* MainTabController.swift */,
				2849A9A0270899BE00FFC8AA /* FeedController.swift */,
				2849A9A2270899EC00FFC8AA /* ExploreController.swift */,
				2849A9A427089A1400FFC8AA /* NotificationsController.swift */,
				2849A9A627089A3800FFC8AA /* ConversationsController.swift */,
			);
			path = Controller;
			sourceTree = "<group>";
		};
		2849A99B2708962D00FFC8AA /* ViewModel */ = {
			isa = PBXGroup;
			children = (
			);
			path = ViewModel;
			sourceTree = "<group>";
		};
		2849A99C2708963600FFC8AA /* View */ = {
			isa = PBXGroup;
			children = (
			);
			path = View;
			sourceTree = "<group>";
		};
		2849A99D2708963B00FFC8AA /* Model */ = {
			isa = PBXGroup;
			children = (
			);
			path = Model;
			sourceTree = "<group>";
		};
		2849A9AC270923DD00FFC8AA /* Support */ = {
			isa = PBXGroup;
			children = (
				2849A984270894FD00FFC8AA /* AppDelegate.swift */,
				2849A986270894FD00FFC8AA /* SceneDelegate.swift */,
				2849A98D2708950000FFC8AA /* Assets.xcassets */,
				2849A98F2708950000FFC8AA /* LaunchScreen.storyboard */,
			);
			path = Support;
			sourceTree = "<group>";
		};
		2849A9AD270923F500FFC8AA /* Authentication */ = {
			isa = PBXGroup;
			children = (
				2849A9AE2709243200FFC8AA /* LoginController.swift */,
				2849A9B02709248700FFC8AA /* RegistrationController.swift */,
			);
			path = Authentication;
			sourceTree = "<group>";
		};
/* End PBXGroup section */

/* Begin PBXNativeTarget section */
		2849A980270894FD00FFC8AA /* TwitterClone */ = {
			isa = PBXNativeTarget;
			buildConfigurationList = 2849A9952708950000FFC8AA /* Build configuration list for PBXNativeTarget "TwitterClone" */;
			buildPhases = (
				2849A97D270894FD00FFC8AA /* Sources */,
				2849A97E270894FD00FFC8AA /* Frameworks */,
				2849A97F270894FD00FFC8AA /* Resources */,
			);
			buildRules = (
			);
			dependencies = (
			);
			name = TwitterClone;
			productName = TwitterClone;
			productReference = 2849A981270894FD00FFC8AA /* TwitterClone.app */;
			productType = "com.apple.product-type.application";
		};
/* End PBXNativeTarget section */

/* Begin PBXProject section */
		2849A979270894FC00FFC8AA /* Project object */ = {
			isa = PBXProject;
			attributes = {
				LastSwiftUpdateCheck = 1250;
				LastUpgradeCheck = 1250;
				TargetAttributes = {
					2849A980270894FD00FFC8AA = {
						CreatedOnToolsVersion = 12.5.1;
					};
				};
			};
			buildConfigurationList = 2849A97C270894FC00FFC8AA /* Build configuration list for PBXProject "TwitterClone" */;
			compatibilityVersion = "Xcode 9.3";
			developmentRegion = en;
			hasScannedForEncodings = 0;
			knownRegions = (
				en,
				Base,
			);
			mainGroup = 2849A978270894FC00FFC8AA;
			productRefGroup = 2849A982270894FD00FFC8AA /* Products */;
			projectDirPath = "";
			projectRoot = "";
			targets = (
				2849A980270894FD00FFC8AA /* TwitterClone */,
			);
		};
/* End PBXProject section */

/* Begin PBXResourcesBuildPhase section */
		2849A97F270894FD00FFC8AA /* Resources */ = {
			isa = PBXResourcesBuildPhase;
			buildActionMask = 2147483647;
			files = (
				2849A9912708950000FFC8AA /* LaunchScreen.storyboard in Resources */,
				2849A98E2708950000FFC8AA /* Assets.xcassets in Resources */,
			);
			runOnlyForDeploymentPostprocessing = 0;
		};
/* End PBXResourcesBuildPhase section */

/* Begin PBXSourcesBuildPhase section */
		2849A97D270894FD00FFC8AA /* Sources */ = {
			isa = PBXSourcesBuildPhase;
			buildActionMask = 2147483647;
			files = (
				2849A9A527089A1400FFC8AA /* NotificationsController.swift in Sources */,
				2849A9AB2708A8DD00FFC8AA /* Extensions.swift in Sources */,
				2849A9A727089A3800FFC8AA /* ConversationsController.swift in Sources */,
				2849A985270894FD00FFC8AA /* AppDelegate.swift in Sources */,
				2849A9A3270899EC00FFC8AA /* ExploreController.swift in Sources */,
				2849A987270894FD00FFC8AA /* SceneDelegate.swift in Sources */,
				2849A9B327092CF200FFC8AA /* Utilities.swift in Sources */,
				2849A9B12709248700FFC8AA /* RegistrationController.swift in Sources */,
				2849A99F2708972F00FFC8AA /* MainTabController.swift in Sources */,
				2849A9A1270899BE00FFC8AA /* FeedController.swift in Sources */,
				2849A9A92708A20600FFC8AA /* Constants.swift in Sources */,
				2849A9AF2709243200FFC8AA /* LoginController.swift in Sources */,
			);
			runOnlyForDeploymentPostprocessing = 0;
		};
/* End PBXSourcesBuildPhase section */

/* Begin PBXVariantGroup section */
		2849A98F2708950000FFC8AA /* LaunchScreen.storyboard */ = {
			isa = PBXVariantGroup;
			children = (
				2849A9902708950000FFC8AA /* Base */,
			);
			name = LaunchScreen.storyboard;
			sourceTree = "<group>";
		};
/* End PBXVariantGroup section */

/* Begin XCBuildConfiguration section */
		2849A9932708950000FFC8AA /* Debug */ = {
			isa = XCBuildConfiguration;
			buildSettings = {
				ALWAYS_SEARCH_USER_PATHS = NO;
				CLANG_ANALYZER_NONNULL = YES;
				CLANG_ANALYZER_NUMBER_OBJECT_CONVERSION = YES_AGGRESSIVE;
				CLANG_CXX_LANGUAGE_STANDARD = "gnu++14";
				CLANG_CXX_LIBRARY = "libc++";
				CLANG_ENABLE_MODULES = YES;
				CLANG_ENABLE_OBJC_ARC = YES;
				CLANG_ENABLE_OBJC_WEAK = YES;
				CLANG_WARN_BLOCK_CAPTURE_AUTORELEASING = YES;
				CLANG_WARN_BOOL_CONVERSION = YES;
				CLANG_WARN_COMMA = YES;
				CLANG_WARN_CONSTANT_CONVERSION = YES;
				CLANG_WARN_DEPRECATED_OBJC_IMPLEMENTATIONS = YES;
				CLANG_WARN_DIRECT_OBJC_ISA_USAGE = YES_ERROR;
				CLANG_WARN_DOCUMENTATION_COMMENTS = YES;
				CLANG_WARN_EMPTY_BODY = YES;
				CLANG_WARN_ENUM_CONVERSION = YES;
				CLANG_WARN_INFINITE_RECURSION = YES;
				CLANG_WARN_INT_CONVERSION = YES;
				CLANG_WARN_NON_LITERAL_NULL_CONVERSION = YES;
				CLANG_WARN_OBJC_IMPLICIT_RETAIN_SELF = YES;
				CLANG_WARN_OBJC_LITERAL_CONVERSION = YES;
				CLANG_WARN_OBJC_ROOT_CLASS = YES_ERROR;
				CLANG_WARN_QUOTED_INCLUDE_IN_FRAMEWORK_HEADER = YES;
				CLANG_WARN_RANGE_LOOP_ANALYSIS = YES;
				CLANG_WARN_STRICT_PROTOTYPES = YES;
				CLANG_WARN_SUSPICIOUS_MOVE = YES;
				CLANG_WARN_UNGUARDED_AVAILABILITY = YES_AGGRESSIVE;
				CLANG_WARN_UNREACHABLE_CODE = YES;
				CLANG_WARN__DUPLICATE_METHOD_MATCH = YES;
				COPY_PHASE_STRIP = NO;
				DEBUG_INFORMATION_FORMAT = dwarf;
				ENABLE_STRICT_OBJC_MSGSEND = YES;
				ENABLE_TESTABILITY = YES;
				GCC_C_LANGUAGE_STANDARD = gnu11;
				GCC_DYNAMIC_NO_PIC = NO;
				GCC_NO_COMMON_BLOCKS = YES;
				GCC_OPTIMIZATION_LEVEL = 0;
				GCC_PREPROCESSOR_DEFINITIONS = (
					"DEBUG=1",
					"$(inherited)",
				);
				GCC_WARN_64_TO_32_BIT_CONVERSION = YES;
				GCC_WARN_ABOUT_RETURN_TYPE = YES_ERROR;
				GCC_WARN_UNDECLARED_SELECTOR = YES;
				GCC_WARN_UNINITIALIZED_AUTOS = YES_AGGRESSIVE;
				GCC_WARN_UNUSED_FUNCTION = YES;
				GCC_WARN_UNUSED_VARIABLE = YES;
				IPHONEOS_DEPLOYMENT_TARGET = 14.5;
				MTL_ENABLE_DEBUG_INFO = INCLUDE_SOURCE;
				MTL_FAST_MATH = YES;
				ONLY_ACTIVE_ARCH = YES;
				SDKROOT = iphoneos;
				SWIFT_ACTIVE_COMPILATION_CONDITIONS = DEBUG;
				SWIFT_OPTIMIZATION_LEVEL = "-Onone";
			};
			name = Debug;
		};
		2849A9942708950000FFC8AA /* Release */ = {
			isa = XCBuildConfiguration;
			buildSettings = {
				ALWAYS_SEARCH_USER_PATHS = NO;
				CLANG_ANALYZER_NONNULL = YES;
				CLANG_ANALYZER_NUMBER_OBJECT_CONVERSION = YES_AGGRESSIVE;
				CLANG_CXX_LANGUAGE_STANDARD = "gnu++14";
				CLANG_CXX_LIBRARY = "libc++";
				CLANG_ENABLE_MODULES = YES;
				CLANG_ENABLE_OBJC_ARC = YES;
				CLANG_ENABLE_OBJC_WEAK = YES;
				CLANG_WARN_BLOCK_CAPTURE_AUTORELEASING = YES;
				CLANG_WARN_BOOL_CONVERSION = YES;
				CLANG_WARN_COMMA = YES;
				CLANG_WARN_CONSTANT_CONVERSION = YES;
				CLANG_WARN_DEPRECATED_OBJC_IMPLEMENTATIONS = YES;
				CLANG_WARN_DIRECT_OBJC_ISA_USAGE = YES_ERROR;
				CLANG_WARN_DOCUMENTATION_COMMENTS = YES;
				CLANG_WARN_EMPTY_BODY = YES;
				CLANG_WARN_ENUM_CONVERSION = YES;
				CLANG_WARN_INFINITE_RECURSION = YES;
				CLANG_WARN_INT_CONVERSION = YES;
				CLANG_WARN_NON_LITERAL_NULL_CONVERSION = YES;
				CLANG_WARN_OBJC_IMPLICIT_RETAIN_SELF = YES;
				CLANG_WARN_OBJC_LITERAL_CONVERSION = YES;
				CLANG_WARN_OBJC_ROOT_CLASS = YES_ERROR;
				CLANG_WARN_QUOTED_INCLUDE_IN_FRAMEWORK_HEADER = YES;
				CLANG_WARN_RANGE_LOOP_ANALYSIS = YES;
				CLANG_WARN_STRICT_PROTOTYPES = YES;
				CLANG_WARN_SUSPICIOUS_MOVE = YES;
				CLANG_WARN_UNGUARDED_AVAILABILITY = YES_AGGRESSIVE;
				CLANG_WARN_UNREACHABLE_CODE = YES;
				CLANG_WARN__DUPLICATE_METHOD_MATCH = YES;
				COPY_PHASE_STRIP = NO;
				DEBUG_INFORMATION_FORMAT = "dwarf-with-dsym";
				ENABLE_NS_ASSERTIONS = NO;
				ENABLE_STRICT_OBJC_MSGSEND = YES;
				GCC_C_LANGUAGE_STANDARD = gnu11;
				GCC_NO_COMMON_BLOCKS = YES;
				GCC_WARN_64_TO_32_BIT_CONVERSION = YES;
				GCC_WARN_ABOUT_RETURN_TYPE = YES_ERROR;
				GCC_WARN_UNDECLARED_SELECTOR = YES;
				GCC_WARN_UNINITIALIZED_AUTOS = YES_AGGRESSIVE;
				GCC_WARN_UNUSED_FUNCTION = YES;
				GCC_WARN_UNUSED_VARIABLE = YES;
				IPHONEOS_DEPLOYMENT_TARGET = 14.5;
				MTL_ENABLE_DEBUG_INFO = NO;
				MTL_FAST_MATH = YES;
				SDKROOT = iphoneos;
				SWIFT_COMPILATION_MODE = wholemodule;
				SWIFT_OPTIMIZATION_LEVEL = "-O";
				VALIDATE_PRODUCT = YES;
			};
			name = Release;
		};
		2849A9962708950000FFC8AA /* Debug */ = {
			isa = XCBuildConfiguration;
			buildSettings = {
				ASSETCATALOG_COMPILER_APPICON_NAME = AppIcon;
				ASSETCATALOG_COMPILER_GLOBAL_ACCENT_COLOR_NAME = AccentColor;
				CODE_SIGN_STYLE = Automatic;
				DEVELOPMENT_TEAM = 9A358TL45Y;
				INFOPLIST_FILE = TwitterClone/Info.plist;
				LD_RUNPATH_SEARCH_PATHS = (
					"$(inherited)",
					"@executable_path/Frameworks",
				);
				PRODUCT_BUNDLE_IDENTIFIER = com.huseynvaliyev.TwitterClone;
				PRODUCT_NAME = "$(TARGET_NAME)";
				SWIFT_VERSION = 5.0;
				TARGETED_DEVICE_FAMILY = "1,2";
			};
			name = Debug;
		};
		2849A9972708950000FFC8AA /* Release */ = {
			isa = XCBuildConfiguration;
			buildSettings = {
				ASSETCATALOG_COMPILER_APPICON_NAME = AppIcon;
				ASSETCATALOG_COMPILER_GLOBAL_ACCENT_COLOR_NAME = AccentColor;
				CODE_SIGN_STYLE = Automatic;
				DEVELOPMENT_TEAM = 9A358TL45Y;
				INFOPLIST_FILE = TwitterClone/Info.plist;
				LD_RUNPATH_SEARCH_PATHS = (
					"$(inherited)",
					"@executable_path/Frameworks",
				);
				PRODUCT_BUNDLE_IDENTIFIER = com.huseynvaliyev.TwitterClone;
				PRODUCT_NAME = "$(TARGET_NAME)";
				SWIFT_VERSION = 5.0;
				TARGETED_DEVICE_FAMILY = "1,2";
			};
			name = Release;
		};
/* End XCBuildConfiguration section */

/* Begin XCConfigurationList section */
		2849A97C270894FC00FFC8AA /* Build configuration list for PBXProject "TwitterClone" */ = {
			isa = XCConfigurationList;
			buildConfigurations = (
				2849A9932708950000FFC8AA /* Debug */,
				2849A9942708950000FFC8AA /* Release */,
			);
			defaultConfigurationIsVisible = 0;
			defaultConfigurationName = Release;
		};
		2849A9952708950000FFC8AA /* Build configuration list for PBXNativeTarget "TwitterClone" */ = {
			isa = XCConfigurationList;
			buildConfigurations = (
				2849A9962708950000FFC8AA /* Debug */,
				2849A9972708950000FFC8AA /* Release */,
			);
			defaultConfigurationIsVisible = 0;
			defaultConfigurationName = Release;
		};
/* End XCConfigurationList section */
	};
	rootObject = 2849A979270894FC00FFC8AA /* Project object */;
}
